
Microsoft Visual Studio Solution File, Format Version 12.00
# Visual Studio Version 17
VisualStudioVersion = 17.10.34916.146
MinimumVisualStudioVersion = 10.0.40219.1
Project("{FAE04EC0-301F-11D3-BF4B-00C04F79EFBC}") = "RnD.NLogSample", "RnD.NLogSample.csproj", "{34773751-6C1A-4642-8E0E-307DDBCE3A77}"
EndProject
Global
	GlobalSection(SolutionConfigurationPlatforms) = preSolution
		Debug|Any CPU = Debug|Any CPU
		Release|Any CPU = Release|Any CPU
	EndGlobalSection
	GlobalSection(ProjectConfigurationPlatforms) = postSolution
		{34773751-6C1A-4642-8E0E-307DDBCE3A77}.Debug|Any CPU.ActiveCfg = Debug|Any CPU
		{34773751-6C1A-4642-8E0E-307DDBCE3A77}.Debug|Any CPU.Build.0 = Debug|Any CPU
		{34773751-6C1A-4642-8E0E-307DDBCE3A77}.Release|Any CPU.ActiveCfg = Release|Any CPU
		{34773751-6C1A-4642-8E0E-307DDBCE3A77}.Release|Any CPU.Build.0 = Release|Any CPU
	EndGlobalSection
	GlobalSection(SolutionProperties) = preSolution
		HideSolutionNode = FALSE
	EndGlobalSection
	GlobalSection(ExtensibilityGlobals) = postSolution
		SolutionGuid = {3C06D1E1-4621-4363-9F95-D3425C7886FD}
	EndGlobalSection
EndGlobal
